
Microsoft Visual Studio Solution File, Format Version 12.00
# Visual Studio Version 16
VisualStudioVersion = 16.0.30002.166
MinimumVisualStudioVersion = 10.0.40219.1
Project("{2150E333-8FDC-42A3-9474-1A3956D46DE8}") = "Application", "Application", "{DE4EC09F-FDAF-4269-9355-C39EFBA022F9}"
EndProject
Project("{2150E333-8FDC-42A3-9474-1A3956D46DE8}") = "Domain", "Domain", "{364372E9-F6C4-49EB-B355-FAD2985A31D0}"
EndProject
Project("{2150E333-8FDC-42A3-9474-1A3956D46DE8}") = "Infrastructure", "Infrastructure", "{FAEBDA02-E114-43FF-BB78-1D32B7941302}"
EndProject
Project("{2150E333-8FDC-42A3-9474-1A3956D46DE8}") = "Presentation", "Presentation", "{D1F366DF-9A0B-44F7-8FFA-13CF481623F9}"
EndProject
Project("{9A19103F-16F7-4668-BE54-9A1E7A4F7556}") = "Alias.Domain", "Alias.Domain\Alias.Domain.csproj", "{C769A69A-8870-44C9-8167-4ABF859A189C}"
EndProject
Project("{9A19103F-16F7-4668-BE54-9A1E7A4F7556}") = "Alias.Infrastructure", "Alias.Infrastructure\Alias.Infrastructure.csproj", "{FFD1710B-7D5C-4D51-A4C7-FF6D7763407B}"
EndProject
Project("{9A19103F-16F7-4668-BE54-9A1E7A4F7556}") = "Alias.API", "Alias.API\Alias.API.csproj", "{44A4BA9B-BA98-48AB-AB21-56C11B87C602}"
EndProject
Project("{9A19103F-16F7-4668-BE54-9A1E7A4F7556}") = "Alias.Application", "Alias.Application\Alias.Application.csproj", "{5CFF4307-065E-4F79-92CD-3F0810D334DA}"
EndProject
Global
	GlobalSection(SolutionConfigurationPlatforms) = preSolution
		Debug|Any CPU = Debug|Any CPU
		Release|Any CPU = Release|Any CPU
	EndGlobalSection
	GlobalSection(ProjectConfigurationPlatforms) = postSolution
		{C769A69A-8870-44C9-8167-4ABF859A189C}.Debug|Any CPU.ActiveCfg = Debug|Any CPU
		{C769A69A-8870-44C9-8167-4ABF859A189C}.Debug|Any CPU.Build.0 = Debug|Any CPU
		{C769A69A-8870-44C9-8167-4ABF859A189C}.Release|Any CPU.ActiveCfg = Release|Any CPU
		{C769A69A-8870-44C9-8167-4ABF859A189C}.Release|Any CPU.Build.0 = Release|Any CPU
		{FFD1710B-7D5C-4D51-A4C7-FF6D7763407B}.Debug|Any CPU.ActiveCfg = Debug|Any CPU
		{FFD1710B-7D5C-4D51-A4C7-FF6D7763407B}.Debug|Any CPU.Build.0 = Debug|Any CPU
		{FFD1710B-7D5C-4D51-A4C7-FF6D7763407B}.Release|Any CPU.ActiveCfg = Release|Any CPU
		{FFD1710B-7D5C-4D51-A4C7-FF6D7763407B}.Release|Any CPU.Build.0 = Release|Any CPU
		{44A4BA9B-BA98-48AB-AB21-56C11B87C602}.Debug|Any CPU.ActiveCfg = Debug|Any CPU
		{44A4BA9B-BA98-48AB-AB21-56C11B87C602}.Debug|Any CPU.Build.0 = Debug|Any CPU
		{44A4BA9B-BA98-48AB-AB21-56C11B87C602}.Release|Any CPU.ActiveCfg = Release|Any CPU
		{44A4BA9B-BA98-48AB-AB21-56C11B87C602}.Release|Any CPU.Build.0 = Release|Any CPU
		{5CFF4307-065E-4F79-92CD-3F0810D334DA}.Debug|Any CPU.ActiveCfg = Debug|Any CPU
		{5CFF4307-065E-4F79-92CD-3F0810D334DA}.Debug|Any CPU.Build.0 = Debug|Any CPU
		{5CFF4307-065E-4F79-92CD-3F0810D334DA}.Release|Any CPU.ActiveCfg = Release|Any CPU
		{5CFF4307-065E-4F79-92CD-3F0810D334DA}.Release|Any CPU.Build.0 = Release|Any CPU
	EndGlobalSection
	GlobalSection(SolutionProperties) = preSolution
		HideSolutionNode = FALSE
	EndGlobalSection
	GlobalSection(NestedProjects) = preSolution
		{C769A69A-8870-44C9-8167-4ABF859A189C} = {364372E9-F6C4-49EB-B355-FAD2985A31D0}
		{FFD1710B-7D5C-4D51-A4C7-FF6D7763407B} = {FAEBDA02-E114-43FF-BB78-1D32B7941302}
		{44A4BA9B-BA98-48AB-AB21-56C11B87C602} = {D1F366DF-9A0B-44F7-8FFA-13CF481623F9}
		{5CFF4307-065E-4F79-92CD-3F0810D334DA} = {DE4EC09F-FDAF-4269-9355-C39EFBA022F9}
	EndGlobalSection
	GlobalSection(ExtensibilityGlobals) = postSolution
		SolutionGuid = {B2CF3F52-07BE-4236-866F-178F81CAA223}
	EndGlobalSection
EndGlobal
